// !$*UTF8*$!
{
	archiveVersion = 1;
	classes = {
	};
	objectVersion = 50;
	objects = {

/* Begin PBXBuildFile section */
		4D82D2DC20BE5DFE00EC2938 /* AppDelegate.swift in Sources */ = {isa = PBXBuildFile; fileRef = 4D82D2DB20BE5DFE00EC2938 /* AppDelegate.swift */; };
		4D82D2DE20BE5DFE00EC2938 /* ViewController.swift in Sources */ = {isa = PBXBuildFile; fileRef = 4D82D2DD20BE5DFE00EC2938 /* ViewController.swift */; };
		4D82D2E120BE5DFE00EC2938 /* Main.storyboard in Resources */ = {isa = PBXBuildFile; fileRef = 4D82D2DF20BE5DFE00EC2938 /* Main.storyboard */; };
		4D82D2E320BE5E0000EC2938 /* Assets.xcassets in Resources */ = {isa = PBXBuildFile; fileRef = 4D82D2E220BE5E0000EC2938 /* Assets.xcassets */; };
		4D82D2E620BE5E0000EC2938 /* LaunchScreen.storyboard in Resources */ = {isa = PBXBuildFile; fileRef = 4D82D2E420BE5E0000EC2938 /* LaunchScreen.storyboard */; };
		4D82D2F120BE5E0000EC2938 /* TestSwift2Tests.swift in Sources */ = {isa = PBXBuildFile; fileRef = 4D82D2F020BE5E0000EC2938 /* TestSwift2Tests.swift */; };
		4D82D2FC20BE5E0000EC2938 /* TestSwift2UITests.swift in Sources */ = {isa = PBXBuildFile; fileRef = 4D82D2FB20BE5E0000EC2938 /* TestSwift2UITests.swift */; };
/* End PBXBuildFile section */

/* Begin PBXContainerItemProxy section */
		4D82D2ED20BE5E0000EC2938 /* PBXContainerItemProxy */ = {
			isa = PBXContainerItemProxy;
			containerPortal = 4D82D2D020BE5DFE00EC2938 /* Project object */;
			proxyType = 1;
			remoteGlobalIDString = 4D82D2D720BE5DFE00EC2938;
			remoteInfo = TestSwift2;
		};
		4D82D2F820BE5E0000EC2938 /* PBXContainerItemProxy */ = {
			isa = PBXContainerItemProxy;
			containerPortal = 4D82D2D020BE5DFE00EC2938 /* Project object */;
			proxyType = 1;
			remoteGlobalIDString = 4D82D2D720BE5DFE00EC2938;
			remoteInfo = TestSwift2;
		};
/* End PBXContainerItemProxy section */

/* Begin PBXFileReference section */
		4D82D2D820BE5DFE00EC2938 /* TestSwift2.app */ = {isa = PBXFileReference; explicitFileType = wrapper.application; includeInIndex = 0; path = TestSwift2.app; sourceTree = BUILT_PRODUCTS_DIR; };
		4D82D2DB20BE5DFE00EC2938 /* AppDelegate.swift */ = {isa = PBXFileReference; lastKnownFileType = sourcecode.swift; path = AppDelegate.swift; sourceTree = "<group>"; };
		4D82D2DD20BE5DFE00EC2938 /* ViewController.swift */ = {isa = PBXFileReference; lastKnownFileType = sourcecode.swift; path = ViewController.swift; sourceTree = "<group>"; };
		4D82D2E020BE5DFE00EC2938 /* Base */ = {isa = PBXFileReference; lastKnownFileType = file.storyboard; name = Base; path = Base.lproj/Main.storyboard; sourceTree = "<group>"; };
		4D82D2E220BE5E0000EC2938 /* Assets.xcassets */ = {isa = PBXFileReference; lastKnownFileType = folder.assetcatalog; path = Assets.xcassets; sourceTree = "<group>"; };
		4D82D2E520BE5E0000EC2938 /* Base */ = {isa = PBXFileReference; lastKnownFileType = file.storyboard; name = Base; path = Base.lproj/LaunchScreen.storyboard; sourceTree = "<group>"; };
		4D82D2E720BE5E0000EC2938 /* Info.plist */ = {isa = PBXFileReference; lastKnownFileType = text.plist.xml; path = Info.plist; sourceTree = "<group>"; };
		4D82D2EC20BE5E0000EC2938 /* TestSwift2Tests.xctest */ = {isa = PBXFileReference; explicitFileType = wrapper.cfbundle; includeInIndex = 0; path = TestSwift2Tests.xctest; sourceTree = BUILT_PRODUCTS_DIR; };
		4D82D2F020BE5E0000EC2938 /* TestSwift2Tests.swift */ = {isa = PBXFileReference; lastKnownFileType = sourcecode.swift; path = TestSwift2Tests.swift; sourceTree = "<group>"; };
		4D82D2F220BE5E0000EC2938 /* Info.plist */ = {isa = PBXFileReference; lastKnownFileType = text.plist.xml; path = Info.plist; sourceTree = "<group>"; };
		4D82D2F720BE5E0000EC2938 /* TestSwift2UITests.xctest */ = {isa = PBXFileReference; explicitFileType = wrapper.cfbundle; includeInIndex = 0; path = TestSwift2UITests.xctest; sourceTree = BUILT_PRODUCTS_DIR; };
		4D82D2FB20BE5E0000EC2938 /* TestSwift2UITests.swift */ = {isa = PBXFileReference; lastKnownFileType = sourcecode.swift; path = TestSwift2UITests.swift; sourceTree = "<group>"; };
		4D82D2FD20BE5E0000EC2938 /* Info.plist */ = {isa = PBXFileReference; lastKnownFileType = text.plist.xml; path = Info.plist; sourceTree = "<group>"; };
/* End PBXFileReference section */

/* Begin PBXFrameworksBuildPhase section */
		4D82D2D520BE5DFE00EC2938 /* Frameworks */ = {
			isa = PBXFrameworksBuildPhase;
			buildActionMask = 2147483647;
			files = (
			);
			runOnlyForDeploymentPostprocessing = 0;
		};
		4D82D2E920BE5E0000EC2938 /* Frameworks */ = {
			isa = PBXFrameworksBuildPhase;
			buildActionMask = 2147483647;
			files = (
			);
			runOnlyForDeploymentPostprocessing = 0;
		};
		4D82D2F420BE5E0000EC2938 /* Frameworks */ = {
			isa = PBXFrameworksBuildPhase;
			buildActionMask = 2147483647;
			files = (
			);
			runOnlyForDeploymentPostprocessing = 0;
		};
/* End PBXFrameworksBuildPhase section */

/* Begin PBXGroup section */
		4D82D2CF20BE5DFE00EC2938 = {
			isa = PBXGroup;
			children = (
				4D82D2DA20BE5DFE00EC2938 /* TestSwift2 */,
				4D82D2EF20BE5E0000EC2938 /* TestSwift2Tests */,
				4D82D2FA20BE5E0000EC2938 /* TestSwift2UITests */,
				4D82D2D920BE5DFE00EC2938 /* Products */,
			);
			sourceTree = "<group>";
		};
		4D82D2D920BE5DFE00EC2938 /* Products */ = {
			isa = PBXGroup;
			children = (
				4D82D2D820BE5DFE00EC2938 /* TestSwift2.app */,
				4D82D2EC20BE5E0000EC2938 /* TestSwift2Tests.xctest */,
				4D82D2F720BE5E0000EC2938 /* TestSwift2UITests.xctest */,
			);
			name = Products;
			sourceTree = "<group>";
		};
		4D82D2DA20BE5DFE00EC2938 /* TestSwift2 */ = {
			isa = PBXGroup;
			children = (
				4D82D2DB20BE5DFE00EC2938 /* AppDelegate.swift */,
				4D82D2DD20BE5DFE00EC2938 /* ViewController.swift */,
				4D82D2DF20BE5DFE00EC2938 /* Main.storyboard */,
				4D82D2E220BE5E0000EC2938 /* Assets.xcassets */,
				4D82D2E420BE5E0000EC2938 /* LaunchScreen.storyboard */,
				4D82D2E720BE5E0000EC2938 /* Info.plist */,
			);
			path = TestSwift2;
			sourceTree = "<group>";
		};
		4D82D2EF20BE5E0000EC2938 /* TestSwift2Tests */ = {
			isa = PBXGroup;
			children = (
				4D82D2F020BE5E0000EC2938 /* TestSwift2Tests.swift */,
				4D82D2F220BE5E0000EC2938 /* Info.plist */,
			);
			path = TestSwift2Tests;
			sourceTree = "<group>";
		};
		4D82D2FA20BE5E0000EC2938 /* TestSwift2UITests */ = {
			isa = PBXGroup;
			children = (
				4D82D2FB20BE5E0000EC2938 /* TestSwift2UITests.swift */,
				4D82D2FD20BE5E0000EC2938 /* Info.plist */,
			);
			path = TestSwift2UITests;
			sourceTree = "<group>";
		};
/* End PBXGroup section */

/* Begin PBXNativeTarget section */
		4D82D2D720BE5DFE00EC2938 /* TestSwift2 */ = {
			isa = PBXNativeTarget;
			buildConfigurationList = 4D82D30020BE5E0000EC2938 /* Build configuration list for PBXNativeTarget "TestSwift2" */;
			buildPhases = (
				4D82D2D420BE5DFE00EC2938 /* Sources */,
				4D82D2D520BE5DFE00EC2938 /* Frameworks */,
				4D82D2D620BE5DFE00EC2938 /* Resources */,
			);
			buildRules = (
			);
			dependencies = (
			);
			name = TestSwift2;
			productName = TestSwift2;
			productReference = 4D82D2D820BE5DFE00EC2938 /* TestSwift2.app */;
			productType = "com.apple.product-type.application";
		};
		4D82D2EB20BE5E0000EC2938 /* TestSwift2Tests */ = {
			isa = PBXNativeTarget;
			buildConfigurationList = 4D82D30320BE5E0000EC2938 /* Build configuration list for PBXNativeTarget "TestSwift2Tests" */;
			buildPhases = (
				4D82D2E820BE5E0000EC2938 /* Sources */,
				4D82D2E920BE5E0000EC2938 /* Frameworks */,
				4D82D2EA20BE5E0000EC2938 /* Resources */,
			);
			buildRules = (
			);
			dependencies = (
				4D82D2EE20BE5E0000EC2938 /* PBXTargetDependency */,
			);
			name = TestSwift2Tests;
			productName = TestSwift2Tests;
			productReference = 4D82D2EC20BE5E0000EC2938 /* TestSwift2Tests.xctest */;
			productType = "com.apple.product-type.bundle.unit-test";
		};
		4D82D2F620BE5E0000EC2938 /* TestSwift2UITests */ = {
			isa = PBXNativeTarget;
			buildConfigurationList = 4D82D30620BE5E0000EC2938 /* Build configuration list for PBXNativeTarget "TestSwift2UITests" */;
			buildPhases = (
				4D82D2F320BE5E0000EC2938 /* Sources */,
				4D82D2F420BE5E0000EC2938 /* Frameworks */,
				4D82D2F520BE5E0000EC2938 /* Resources */,
			);
			buildRules = (
			);
			dependencies = (
				4D82D2F920BE5E0000EC2938 /* PBXTargetDependency */,
			);
			name = TestSwift2UITests;
			productName = TestSwift2UITests;
			productReference = 4D82D2F720BE5E0000EC2938 /* TestSwift2UITests.xctest */;
			productType = "com.apple.product-type.bundle.ui-testing";
		};
/* End PBXNativeTarget section */

/* Begin PBXProject section */
		4D82D2D020BE5DFE00EC2938 /* Project object */ = {
			isa = PBXProject;
			attributes = {
				LastSwiftUpdateCheck = 0930;
				LastUpgradeCheck = 0930;
				ORGANIZATIONNAME = Ps;
				TargetAttributes = {
					4D82D2D720BE5DFE00EC2938 = {
						CreatedOnToolsVersion = 9.3.1;
					};
					4D82D2EB20BE5E0000EC2938 = {
						CreatedOnToolsVersion = 9.3.1;
						TestTargetID = 4D82D2D720BE5DFE00EC2938;
					};
					4D82D2F620BE5E0000EC2938 = {
						CreatedOnToolsVersion = 9.3.1;
						TestTargetID = 4D82D2D720BE5DFE00EC2938;
					};
				};
			};
			buildConfigurationList = 4D82D2D320BE5DFE00EC2938 /* Build configuration list for PBXProject "TestSwift2" */;
			compatibilityVersion = "Xcode 9.3";
			developmentRegion = en;
			hasScannedForEncodings = 0;
			knownRegions = (
				en,
				Base,
			);
			mainGroup = 4D82D2CF20BE5DFE00EC2938;
			productRefGroup = 4D82D2D920BE5DFE00EC2938 /* Products */;
			projectDirPath = "";
			projectRoot = "";
			targets = (
				4D82D2D720BE5DFE00EC2938 /* TestSwift2 */,
				4D82D2EB20BE5E0000EC2938 /* TestSwift2Tests */,
				4D82D2F620BE5E0000EC2938 /* TestSwift2UITests */,
			);
		};
/* End PBXProject section */

/* Begin PBXResourcesBuildPhase section */
		4D82D2D620BE5DFE00EC2938 /* Resources */ = {
			isa = PBXResourcesBuildPhase;
			buildActionMask = 2147483647;
			files = (
				4D82D2E620BE5E0000EC2938 /* LaunchScreen.storyboard in Resources */,
				4D82D2E320BE5E0000EC2938 /* Assets.xcassets in Resources */,
				4D82D2E120BE5DFE00EC2938 /* Main.storyboard in Resources */,
			);
			runOnlyForDeploymentPostprocessing = 0;
		};
		4D82D2EA20BE5E0000EC2938 /* Resources */ = {
			isa = PBXResourcesBuildPhase;
			buildActionMask = 2147483647;
			files = (
			);
			runOnlyForDeploymentPostprocessing = 0;
		};
		4D82D2F520BE5E0000EC2938 /* Resources */ = {
			isa = PBXResourcesBuildPhase;
			buildActionMask = 2147483647;
			files = (
			);
			runOnlyForDeploymentPostprocessing = 0;
		};
/* End PBXResourcesBuildPhase section */

/* Begin PBXSourcesBuildPhase section */
		4D82D2D420BE5DFE00EC2938 /* Sources */ = {
			isa = PBXSourcesBuildPhase;
			buildActionMask = 2147483647;
			files = (
				4D82D2DE20BE5DFE00EC2938 /* ViewController.swift in Sources */,
				4D82D2DC20BE5DFE00EC2938 /* AppDelegate.swift in Sources */,
			);
			runOnlyForDeploymentPostprocessing = 0;
		};
		4D82D2E820BE5E0000EC2938 /* Sources */ = {
			isa = PBXSourcesBuildPhase;
			buildActionMask = 2147483647;
			files = (
				4D82D2F120BE5E0000EC2938 /* TestSwift2Tests.swift in Sources */,
			);
			runOnlyForDeploymentPostprocessing = 0;
		};
		4D82D2F320BE5E0000EC2938 /* Sources */ = {
			isa = PBXSourcesBuildPhase;
			buildActionMask = 2147483647;
			files = (
				4D82D2FC20BE5E0000EC2938 /* TestSwift2UITests.swift in Sources */,
			);
			runOnlyForDeploymentPostprocessing = 0;
		};
/* End PBXSourcesBuildPhase section */

/* Begin PBXTargetDependency section */
		4D82D2EE20BE5E0000EC2938 /* PBXTargetDependency */ = {
			isa = PBXTargetDependency;
			target = 4D82D2D720BE5DFE00EC2938 /* TestSwift2 */;
			targetProxy = 4D82D2ED20BE5E0000EC2938 /* PBXContainerItemProxy */;
		};
		4D82D2F920BE5E0000EC2938 /* PBXTargetDependency */ = {
			isa = PBXTargetDependency;
			target = 4D82D2D720BE5DFE00EC2938 /* TestSwift2 */;
			targetProxy = 4D82D2F820BE5E0000EC2938 /* PBXContainerItemProxy */;
		};
/* End PBXTargetDependency section */

/* Begin PBXVariantGroup section */
		4D82D2DF20BE5DFE00EC2938 /* Main.storyboard */ = {
			isa = PBXVariantGroup;
			children = (
				4D82D2E020BE5DFE00EC2938 /* Base */,
			);
			name = Main.storyboard;
			sourceTree = "<group>";
		};
		4D82D2E420BE5E0000EC2938 /* LaunchScreen.storyboard */ = {
			isa = PBXVariantGroup;
			children = (
				4D82D2E520BE5E0000EC2938 /* Base */,
			);
			name = LaunchScreen.storyboard;
			sourceTree = "<group>";
		};
/* End PBXVariantGroup section */

/* Begin XCBuildConfiguration section */
		4D82D2FE20BE5E0000EC2938 /* Debug */ = {
			isa = XCBuildConfiguration;
			buildSettings = {
				ALWAYS_SEARCH_USER_PATHS = NO;
				CLANG_ANALYZER_NONNULL = YES;
				CLANG_ANALYZER_NUMBER_OBJECT_CONVERSION = YES_AGGRESSIVE;
				CLANG_CXX_LANGUAGE_STANDARD = "gnu++14";
				CLANG_CXX_LIBRARY = "libc++";
				CLANG_ENABLE_MODULES = YES;
				CLANG_ENABLE_OBJC_ARC = YES;
				CLANG_ENABLE_OBJC_WEAK = YES;
				CLANG_WARN_BLOCK_CAPTURE_AUTORELEASING = YES;
				CLANG_WARN_BOOL_CONVERSION = YES;
				CLANG_WARN_COMMA = YES;
				CLANG_WARN_CONSTANT_CONVERSION = YES;
				CLANG_WARN_DEPRECATED_OBJC_IMPLEMENTATIONS = YES;
				CLANG_WARN_DIRECT_OBJC_ISA_USAGE = YES_ERROR;
				CLANG_WARN_DOCUMENTATION_COMMENTS = YES;
				CLANG_WARN_EMPTY_BODY = YES;
				CLANG_WARN_ENUM_CONVERSION = YES;
				CLANG_WARN_INFINITE_RECURSION = YES;
				CLANG_WARN_INT_CONVERSION = YES;
				CLANG_WARN_NON_LITERAL_NULL_CONVERSION = YES;
				CLANG_WARN_OBJC_IMPLICIT_RETAIN_SELF = YES;
				CLANG_WARN_OBJC_LITERAL_CONVERSION = YES;
				CLANG_WARN_OBJC_ROOT_CLASS = YES_ERROR;
				CLANG_WARN_RANGE_LOOP_ANALYSIS = YES;
				CLANG_WARN_STRICT_PROTOTYPES = YES;
				CLANG_WARN_SUSPICIOUS_MOVE = YES;
				CLANG_WARN_UNGUARDED_AVAILABILITY = YES_AGGRESSIVE;
				CLANG_WARN_UNREACHABLE_CODE = YES;
				CLANG_WARN__DUPLICATE_METHOD_MATCH = YES;
				CODE_SIGN_IDENTITY = "iPhone Developer";
				COPY_PHASE_STRIP = NO;
				DEBUG_INFORMATION_FORMAT = dwarf;
				ENABLE_STRICT_OBJC_MSGSEND = YES;
				ENABLE_TESTABILITY = YES;
				GCC_C_LANGUAGE_STANDARD = gnu11;
				GCC_DYNAMIC_NO_PIC = NO;
				GCC_NO_COMMON_BLOCKS = YES;
				GCC_OPTIMIZATION_LEVEL = 0;
				GCC_PREPROCESSOR_DEFINITIONS = (
					"DEBUG=1",
					"$(inherited)",
				);
				GCC_WARN_64_TO_32_BIT_CONVERSION = YES;
				GCC_WARN_ABOUT_RETURN_TYPE = YES_ERROR;
				GCC_WARN_UNDECLARED_SELECTOR = YES;
				GCC_WARN_UNINITIALIZED_AUTOS = YES_AGGRESSIVE;
				GCC_WARN_UNUSED_FUNCTION = YES;
				GCC_WARN_UNUSED_VARIABLE = YES;
				IPHONEOS_DEPLOYMENT_TARGET = 11.3;
				MTL_ENABLE_DEBUG_INFO = YES;
				ONLY_ACTIVE_ARCH = YES;
				SDKROOT = iphoneos;
				SWIFT_ACTIVE_COMPILATION_CONDITIONS = DEBUG;
				SWIFT_OPTIMIZATION_LEVEL = "-Onone";
			};
			name = Debug;
		};
		4D82D2FF20BE5E0000EC2938 /* Release */ = {
			isa = XCBuildConfiguration;
			buildSettings = {
				ALWAYS_SEARCH_USER_PATHS = NO;
				CLANG_ANALYZER_NONNULL = YES;
				CLANG_ANALYZER_NUMBER_OBJECT_CONVERSION = YES_AGGRESSIVE;
				CLANG_CXX_LANGUAGE_STANDARD = "gnu++14";
				CLANG_CXX_LIBRARY = "libc++";
				CLANG_ENABLE_MODULES = YES;
				CLANG_ENABLE_OBJC_ARC = YES;
				CLANG_ENABLE_OBJC_WEAK = YES;
				CLANG_WARN_BLOCK_CAPTURE_AUTORELEASING = YES;
				CLANG_WARN_BOOL_CONVERSION = YES;
				CLANG_WARN_COMMA = YES;
				CLANG_WARN_CONSTANT_CONVERSION = YES;
				CLANG_WARN_DEPRECATED_OBJC_IMPLEMENTATIONS = YES;
				CLANG_WARN_DIRECT_OBJC_ISA_USAGE = YES_ERROR;
				CLANG_WARN_DOCUMENTATION_COMMENTS = YES;
				CLANG_WARN_EMPTY_BODY = YES;
				CLANG_WARN_ENUM_CONVERSION = YES;
				CLANG_WARN_INFINITE_RECURSION = YES;
				CLANG_WARN_INT_CONVERSION = YES;
				CLANG_WARN_NON_LITERAL_NULL_CONVERSION = YES;
				CLANG_WARN_OBJC_IMPLICIT_RETAIN_SELF = YES;
				CLANG_WARN_OBJC_LITERAL_CONVERSION = YES;
				CLANG_WARN_OBJC_ROOT_CLASS = YES_ERROR;
				CLANG_WARN_RANGE_LOOP_ANALYSIS = YES;
				CLANG_WARN_STRICT_PROTOTYPES = YES;
				CLANG_WARN_SUSPICIOUS_MOVE = YES;
				CLANG_WARN_UNGUARDED_AVAILABILITY = YES_AGGRESSIVE;
				CLANG_WARN_UNREACHABLE_CODE = YES;
				CLANG_WARN__DUPLICATE_METHOD_MATCH = YES;
				CODE_SIGN_IDENTITY = "iPhone Developer";
				COPY_PHASE_STRIP = NO;
				DEBUG_INFORMATION_FORMAT = "dwarf-with-dsym";
				ENABLE_NS_ASSERTIONS = NO;
				ENABLE_STRICT_OBJC_MSGSEND = YES;
				GCC_C_LANGUAGE_STANDARD = gnu11;
				GCC_NO_COMMON_BLOCKS = YES;
				GCC_WARN_64_TO_32_BIT_CONVERSION = YES;
				GCC_WARN_ABOUT_RETURN_TYPE = YES_ERROR;
				GCC_WARN_UNDECLARED_SELECTOR = YES;
				GCC_WARN_UNINITIALIZED_AUTOS = YES_AGGRESSIVE;
				GCC_WARN_UNUSED_FUNCTION = YES;
				GCC_WARN_UNUSED_VARIABLE = YES;
				IPHONEOS_DEPLOYMENT_TARGET = 11.3;
				MTL_ENABLE_DEBUG_INFO = NO;
				SDKROOT = iphoneos;
				SWIFT_COMPILATION_MODE = wholemodule;
				SWIFT_OPTIMIZATION_LEVEL = "-O";
				VALIDATE_PRODUCT = YES;
			};
			name = Release;
		};
		4D82D30120BE5E0000EC2938 /* Debug */ = {
			isa = XCBuildConfiguration;
			buildSettings = {
				ASSETCATALOG_COMPILER_APPICON_NAME = AppIcon;
				CODE_SIGN_STYLE = Automatic;
				INFOPLIST_FILE = TestSwift2/Info.plist;
				LD_RUNPATH_SEARCH_PATHS = (
					"$(inherited)",
					"@executable_path/Frameworks",
				);
				PRODUCT_BUNDLE_IDENTIFIER = ps.TestSwift2;
				PRODUCT_NAME = "$(TARGET_NAME)";
				SWIFT_VERSION = 4.0;
				TARGETED_DEVICE_FAMILY = "1,2";
			};
			name = Debug;
		};
		4D82D30220BE5E0000EC2938 /* Release */ = {
			isa = XCBuildConfiguration;
			buildSettings = {
				ASSETCATALOG_COMPILER_APPICON_NAME = AppIcon;
				CODE_SIGN_STYLE = Automatic;
				INFOPLIST_FILE = TestSwift2/Info.plist;
				LD_RUNPATH_SEARCH_PATHS = (
					"$(inherited)",
					"@executable_path/Frameworks",
				);
				PRODUCT_BUNDLE_IDENTIFIER = ps.TestSwift2;
				PRODUCT_NAME = "$(TARGET_NAME)";
				SWIFT_VERSION = 4.0;
				TARGETED_DEVICE_FAMILY = "1,2";
			};
			name = Release;
		};
		4D82D30420BE5E0000EC2938 /* Debug */ = {
			isa = XCBuildConfiguration;
			buildSettings = {
				ALWAYS_EMBED_SWIFT_STANDARD_LIBRARIES = YES;
				BUNDLE_LOADER = "$(TEST_HOST)";
				CODE_SIGN_STYLE = Automatic;
				INFOPLIST_FILE = TestSwift2Tests/Info.plist;
				LD_RUNPATH_SEARCH_PATHS = (
					"$(inherited)",
					"@executable_path/Frameworks",
					"@loader_path/Frameworks",
				);
				PRODUCT_BUNDLE_IDENTIFIER = ps.TestSwift2Tests;
				PRODUCT_NAME = "$(TARGET_NAME)";
				SWIFT_VERSION = 4.0;
				TARGETED_DEVICE_FAMILY = "1,2";
				TEST_HOST = "$(BUILT_PRODUCTS_DIR)/TestSwift2.app/TestSwift2";
			};
			name = Debug;
		};
		4D82D30520BE5E0000EC2938 /* Release */ = {
			isa = XCBuildConfiguration;
			buildSettings = {
				ALWAYS_EMBED_SWIFT_STANDARD_LIBRARIES = YES;
				BUNDLE_LOADER = "$(TEST_HOST)";
				CODE_SIGN_STYLE = Automatic;
				INFOPLIST_FILE = TestSwift2Tests/Info.plist;
				LD_RUNPATH_SEARCH_PATHS = (
					"$(inherited)",
					"@executable_path/Frameworks",
					"@loader_path/Frameworks",
				);
				PRODUCT_BUNDLE_IDENTIFIER = ps.TestSwift2Tests;
				PRODUCT_NAME = "$(TARGET_NAME)";
				SWIFT_VERSION = 4.0;
				TARGETED_DEVICE_FAMILY = "1,2";
				TEST_HOST = "$(BUILT_PRODUCTS_DIR)/TestSwift2.app/TestSwift2";
			};
			name = Release;
		};
		4D82D30720BE5E0000EC2938 /* Debug */ = {
			isa = XCBuildConfiguration;
			buildSettings = {
				ALWAYS_EMBED_SWIFT_STANDARD_LIBRARIES = YES;
				CODE_SIGN_STYLE = Automatic;
				INFOPLIST_FILE = TestSwift2UITests/Info.plist;
				LD_RUNPATH_SEARCH_PATHS = (
					"$(inherited)",
					"@executable_path/Frameworks",
					"@loader_path/Frameworks",
				);
				PRODUCT_BUNDLE_IDENTIFIER = ps.TestSwift2UITests;
				PRODUCT_NAME = "$(TARGET_NAME)";
				SWIFT_VERSION = 4.0;
				TARGETED_DEVICE_FAMILY = "1,2";
				TEST_TARGET_NAME = TestSwift2;
			};
			name = Debug;
		};
		4D82D30820BE5E0000EC2938 /* Release */ = {
			isa = XCBuildConfiguration;
			buildSettings = {
				ALWAYS_EMBED_SWIFT_STANDARD_LIBRARIES = YES;
				CODE_SIGN_STYLE = Automatic;
				INFOPLIST_FILE = TestSwift2UITests/Info.plist;
				LD_RUNPATH_SEARCH_PATHS = (
					"$(inherited)",
					"@executable_path/Frameworks",
					"@loader_path/Frameworks",
				);
				PRODUCT_BUNDLE_IDENTIFIER = ps.TestSwift2UITests;
				PRODUCT_NAME = "$(TARGET_NAME)";
				SWIFT_VERSION = 4.0;
				TARGETED_DEVICE_FAMILY = "1,2";
				TEST_TARGET_NAME = TestSwift2;
			};
			name = Release;
		};
/* End XCBuildConfiguration section */

/* Begin XCConfigurationList section */
		4D82D2D320BE5DFE00EC2938 /* Build configuration list for PBXProject "TestSwift2" */ = {
			isa = XCConfigurationList;
			buildConfigurations = (
				4D82D2FE20BE5E0000EC2938 /* Debug */,
				4D82D2FF20BE5E0000EC2938 /* Release */,
			);
			defaultConfigurationIsVisible = 0;
			defaultConfigurationName = Release;
		};
		4D82D30020BE5E0000EC2938 /* Build configuration list for PBXNativeTarget "TestSwift2" */ = {
			isa = XCConfigurationList;
			buildConfigurations = (
				4D82D30120BE5E0000EC2938 /* Debug */,
				4D82D30220BE5E0000EC2938 /* Release */,
			);
			defaultConfigurationIsVisible = 0;
			defaultConfigurationName = Release;
		};
		4D82D30320BE5E0000EC2938 /* Build configuration list for PBXNativeTarget "TestSwift2Tests" */ = {
			isa = XCConfigurationList;
			buildConfigurations = (
				4D82D30420BE5E0000EC2938 /* Debug */,
				4D82D30520BE5E0000EC2938 /* Release */,
			);
			defaultConfigurationIsVisible = 0;
			defaultConfigurationName = Release;
		};
		4D82D30620BE5E0000EC2938 /* Build configuration list for PBXNativeTarget "TestSwift2UITests" */ = {
			isa = XCConfigurationList;
			buildConfigurations = (
				4D82D30720BE5E0000EC2938 /* Debug */,
				4D82D30820BE5E0000EC2938 /* Release */,
			);
			defaultConfigurationIsVisible = 0;
			defaultConfigurationName = Release;
		};
/* End XCConfigurationList section */
	};
	rootObject = 4D82D2D020BE5DFE00EC2938 /* Project object */;
}
